
Microsoft Visual Studio Solution File, Format Version 12.00
# Visual Studio Version 17
VisualStudioVersion = 17.0.31903.59
MinimumVisualStudioVersion = 10.0.40219.1
Project("{FAE04EC0-301F-11D3-BF4B-00C04F79EFBC}") = "tictactoe", "Game\tictactoe.csproj", "{6A0EABDE-0E7D-49BB-9F03-185F80E78BF7}"
EndProject
Project("{FAE04EC0-301F-11D3-BF4B-00C04F79EFBC}") = "Tests", "Tests\Tests.csproj", "{DA70B264-DF38-4BC8-9E37-1C2451E15B2A}"
EndProject
Global
	GlobalSection(SolutionConfigurationPlatforms) = preSolution
		Debug|Any CPU = Debug|Any CPU
		Release|Any CPU = Release|Any CPU
	EndGlobalSection
	GlobalSection(SolutionProperties) = preSolution
		HideSolutionNode = FALSE
	EndGlobalSection
	GlobalSection(ProjectConfigurationPlatforms) = postSolution
		{6A0EABDE-0E7D-49BB-9F03-185F80E78BF7}.Debug|Any CPU.ActiveCfg = Debug|Any CPU
		{6A0EABDE-0E7D-49BB-9F03-185F80E78BF7}.Debug|Any CPU.Build.0 = Debug|Any CPU
		{6A0EABDE-0E7D-49BB-9F03-185F80E78BF7}.Release|Any CPU.ActiveCfg = Release|Any CPU
		{6A0EABDE-0E7D-49BB-9F03-185F80E78BF7}.Release|Any CPU.Build.0 = Release|Any CPU
		{DA70B264-DF38-4BC8-9E37-1C2451E15B2A}.Debug|Any CPU.ActiveCfg = Debug|Any CPU
		{DA70B264-DF38-4BC8-9E37-1C2451E15B2A}.Debug|Any CPU.Build.0 = Debug|Any CPU
		{DA70B264-DF38-4BC8-9E37-1C2451E15B2A}.Release|Any CPU.ActiveCfg = Release|Any CPU
		{DA70B264-DF38-4BC8-9E37-1C2451E15B2A}.Release|Any CPU.Build.0 = Release|Any CPU
	EndGlobalSection
EndGlobal
